
Microsoft Visual Studio Solution File, Format Version 12.00
# Visual Studio 15
VisualStudioVersion = 15.0.27703.2026
MinimumVisualStudioVersion = 10.0.40219.1
Project("{FAE04EC0-301F-11D3-BF4B-00C04F79EFBC}") = "Titan.StockMarketSimulator.Web", "Titan.StockMarketSimulator.Web\Titan.StockMarketSimulator.Web.csproj", "{11D01C89-65C1-4A2B-B30D-97B58FEFF104}"
EndProject
Project("{FAE04EC0-301F-11D3-BF4B-00C04F79EFBC}") = "Titan.StockMarketSimulator.GameLogic", "Titan.StockMarketSimulator.GameLogic\Titan.StockMarketSimulator.GameLogic.csproj", "{B1C7436B-FBF8-4937-A563-BF6A3D881EAB}"
EndProject
Global
	GlobalSection(SolutionConfigurationPlatforms) = preSolution
		Debug|Any CPU = Debug|Any CPU
		Release|Any CPU = Release|Any CPU
	EndGlobalSection
	GlobalSection(ProjectConfigurationPlatforms) = postSolution
		{11D01C89-65C1-4A2B-B30D-97B58FEFF104}.Debug|Any CPU.ActiveCfg = Debug|Any CPU
		{11D01C89-65C1-4A2B-B30D-97B58FEFF104}.Debug|Any CPU.Build.0 = Debug|Any CPU
		{11D01C89-65C1-4A2B-B30D-97B58FEFF104}.Release|Any CPU.ActiveCfg = Release|Any CPU
		{11D01C89-65C1-4A2B-B30D-97B58FEFF104}.Release|Any CPU.Build.0 = Release|Any CPU
		{B1C7436B-FBF8-4937-A563-BF6A3D881EAB}.Debug|Any CPU.ActiveCfg = Debug|Any CPU
		{B1C7436B-FBF8-4937-A563-BF6A3D881EAB}.Debug|Any CPU.Build.0 = Debug|Any CPU
		{B1C7436B-FBF8-4937-A563-BF6A3D881EAB}.Release|Any CPU.ActiveCfg = Release|Any CPU
		{B1C7436B-FBF8-4937-A563-BF6A3D881EAB}.Release|Any CPU.Build.0 = Release|Any CPU
	EndGlobalSection
	GlobalSection(SolutionProperties) = preSolution
		HideSolutionNode = FALSE
	EndGlobalSection
	GlobalSection(ExtensibilityGlobals) = postSolution
		SolutionGuid = {14B3E272-778A-4E4F-8C97-D3A0AF694555}
	EndGlobalSection
EndGlobal
